
Microsoft Visual Studio Solution File, Format Version 12.00
# Visual Studio 2012
Project("{FAE04EC0-301F-11D3-BF4B-00C04F79EFBC}") = "Framework.Data", "Framework.Data\Framework.Data.csproj", "{B3FA9FC5-FDD2-41A4-BB77-6C43986C03A0}"
EndProject
Project("{2150E333-8FDC-42A3-9474-1A3956D46DE8}") = "WebApi", "WebApi", "{1126BB21-3DB8-46F2-9DA5-C34B38710C37}"
EndProject
Project("{FAE04EC0-301F-11D3-BF4B-00C04F79EFBC}") = "Framework.WebApi.Web", "Framework.WebApi.Web\Framework.WebApi.Web.csproj", "{097E5BCC-F737-4935-9B3A-84CEA6A75F6C}"
EndProject
Project("{FAE04EC0-301F-11D3-BF4B-00C04F79EFBC}") = "Framework.WebApi.Common", "Framework.WebApi.Common\Framework.WebApi.Common.csproj", "{696E6B04-9198-4236-BE9A-FF2A47D0499E}"
EndProject
Project("{FAE04EC0-301F-11D3-BF4B-00C04F79EFBC}") = "Framework.WebApi.Hal", "Framework.WebApi.Hal\Framework.WebApi.Hal.csproj", "{8CCE8BF2-5044-4E3D-9B3E-6DA054EE2F89}"
EndProject
Project("{2150E333-8FDC-42A3-9474-1A3956D46DE8}") = "Website", "Website", "{907C4354-862F-477F-B6FD-AC23C08F46AE}"
EndProject
Project("{FAE04EC0-301F-11D3-BF4B-00C04F79EFBC}") = "Framework.Website", "Framework.Website\Framework.Website.csproj", "{5A69E2D0-72C0-430F-ADB7-1EC68029D82F}"
EndProject
Global
	GlobalSection(SolutionConfigurationPlatforms) = preSolution
		Acceptance|Any CPU = Acceptance|Any CPU
		Debug|Any CPU = Debug|Any CPU
		Dev FBRD|Any CPU = Dev FBRD|Any CPU
		Dev PH1|Any CPU = Dev PH1|Any CPU
		Dev RX|Any CPU = Dev RX|Any CPU
		DevMomentum|Any CPU = DevMomentum|Any CPU
		Release|Any CPU = Release|Any CPU
		Staging|Any CPU = Staging|Any CPU
		TechDebt|Any CPU = TechDebt|Any CPU
	EndGlobalSection
	GlobalSection(ProjectConfigurationPlatforms) = postSolution
		{B3FA9FC5-FDD2-41A4-BB77-6C43986C03A0}.Acceptance|Any CPU.ActiveCfg = Release|Any CPU
		{B3FA9FC5-FDD2-41A4-BB77-6C43986C03A0}.Acceptance|Any CPU.Build.0 = Release|Any CPU
		{B3FA9FC5-FDD2-41A4-BB77-6C43986C03A0}.Debug|Any CPU.ActiveCfg = Debug|Any CPU
		{B3FA9FC5-FDD2-41A4-BB77-6C43986C03A0}.Debug|Any CPU.Build.0 = Debug|Any CPU
		{B3FA9FC5-FDD2-41A4-BB77-6C43986C03A0}.Dev FBRD|Any CPU.ActiveCfg = Debug|Any CPU
		{B3FA9FC5-FDD2-41A4-BB77-6C43986C03A0}.Dev FBRD|Any CPU.Build.0 = Debug|Any CPU
		{B3FA9FC5-FDD2-41A4-BB77-6C43986C03A0}.Dev PH1|Any CPU.ActiveCfg = Debug|Any CPU
		{B3FA9FC5-FDD2-41A4-BB77-6C43986C03A0}.Dev PH1|Any CPU.Build.0 = Debug|Any CPU
		{B3FA9FC5-FDD2-41A4-BB77-6C43986C03A0}.Dev RX|Any CPU.ActiveCfg = Debug|Any CPU
		{B3FA9FC5-FDD2-41A4-BB77-6C43986C03A0}.Dev RX|Any CPU.Build.0 = Debug|Any CPU
		{B3FA9FC5-FDD2-41A4-BB77-6C43986C03A0}.DevMomentum|Any CPU.ActiveCfg = Debug|Any CPU
		{B3FA9FC5-FDD2-41A4-BB77-6C43986C03A0}.DevMomentum|Any CPU.Build.0 = Debug|Any CPU
		{B3FA9FC5-FDD2-41A4-BB77-6C43986C03A0}.Release|Any CPU.ActiveCfg = Release|Any CPU
		{B3FA9FC5-FDD2-41A4-BB77-6C43986C03A0}.Release|Any CPU.Build.0 = Release|Any CPU
		{B3FA9FC5-FDD2-41A4-BB77-6C43986C03A0}.Staging|Any CPU.ActiveCfg = Release|Any CPU
		{B3FA9FC5-FDD2-41A4-BB77-6C43986C03A0}.Staging|Any CPU.Build.0 = Release|Any CPU
		{B3FA9FC5-FDD2-41A4-BB77-6C43986C03A0}.TechDebt|Any CPU.ActiveCfg = Release|Any CPU
		{B3FA9FC5-FDD2-41A4-BB77-6C43986C03A0}.TechDebt|Any CPU.Build.0 = Release|Any CPU
		{097E5BCC-F737-4935-9B3A-84CEA6A75F6C}.Acceptance|Any CPU.ActiveCfg = Release|Any CPU
		{097E5BCC-F737-4935-9B3A-84CEA6A75F6C}.Acceptance|Any CPU.Build.0 = Release|Any CPU
		{097E5BCC-F737-4935-9B3A-84CEA6A75F6C}.Debug|Any CPU.ActiveCfg = Debug|Any CPU
		{097E5BCC-F737-4935-9B3A-84CEA6A75F6C}.Debug|Any CPU.Build.0 = Debug|Any CPU
		{097E5BCC-F737-4935-9B3A-84CEA6A75F6C}.Dev FBRD|Any CPU.ActiveCfg = Debug|Any CPU
		{097E5BCC-F737-4935-9B3A-84CEA6A75F6C}.Dev FBRD|Any CPU.Build.0 = Debug|Any CPU
		{097E5BCC-F737-4935-9B3A-84CEA6A75F6C}.Dev PH1|Any CPU.ActiveCfg = Debug|Any CPU
		{097E5BCC-F737-4935-9B3A-84CEA6A75F6C}.Dev PH1|Any CPU.Build.0 = Debug|Any CPU
		{097E5BCC-F737-4935-9B3A-84CEA6A75F6C}.Dev RX|Any CPU.ActiveCfg = Debug|Any CPU
		{097E5BCC-F737-4935-9B3A-84CEA6A75F6C}.Dev RX|Any CPU.Build.0 = Debug|Any CPU
		{097E5BCC-F737-4935-9B3A-84CEA6A75F6C}.DevMomentum|Any CPU.ActiveCfg = Debug|Any CPU
		{097E5BCC-F737-4935-9B3A-84CEA6A75F6C}.DevMomentum|Any CPU.Build.0 = Debug|Any CPU
		{097E5BCC-F737-4935-9B3A-84CEA6A75F6C}.Release|Any CPU.ActiveCfg = Release|Any CPU
		{097E5BCC-F737-4935-9B3A-84CEA6A75F6C}.Release|Any CPU.Build.0 = Release|Any CPU
		{097E5BCC-F737-4935-9B3A-84CEA6A75F6C}.Staging|Any CPU.ActiveCfg = Release|Any CPU
		{097E5BCC-F737-4935-9B3A-84CEA6A75F6C}.Staging|Any CPU.Build.0 = Release|Any CPU
		{097E5BCC-F737-4935-9B3A-84CEA6A75F6C}.TechDebt|Any CPU.ActiveCfg = Release|Any CPU
		{097E5BCC-F737-4935-9B3A-84CEA6A75F6C}.TechDebt|Any CPU.Build.0 = Release|Any CPU
		{696E6B04-9198-4236-BE9A-FF2A47D0499E}.Acceptance|Any CPU.ActiveCfg = Release|Any CPU
		{696E6B04-9198-4236-BE9A-FF2A47D0499E}.Acceptance|Any CPU.Build.0 = Release|Any CPU
		{696E6B04-9198-4236-BE9A-FF2A47D0499E}.Debug|Any CPU.ActiveCfg = Debug|Any CPU
		{696E6B04-9198-4236-BE9A-FF2A47D0499E}.Debug|Any CPU.Build.0 = Debug|Any CPU
		{696E6B04-9198-4236-BE9A-FF2A47D0499E}.Dev FBRD|Any CPU.ActiveCfg = Debug|Any CPU
		{696E6B04-9198-4236-BE9A-FF2A47D0499E}.Dev FBRD|Any CPU.Build.0 = Debug|Any CPU
		{696E6B04-9198-4236-BE9A-FF2A47D0499E}.Dev PH1|Any CPU.ActiveCfg = Debug|Any CPU
		{696E6B04-9198-4236-BE9A-FF2A47D0499E}.Dev PH1|Any CPU.Build.0 = Debug|Any CPU
		{696E6B04-9198-4236-BE9A-FF2A47D0499E}.Dev RX|Any CPU.ActiveCfg = Debug|Any CPU
		{696E6B04-9198-4236-BE9A-FF2A47D0499E}.Dev RX|Any CPU.Build.0 = Debug|Any CPU
		{696E6B04-9198-4236-BE9A-FF2A47D0499E}.DevMomentum|Any CPU.ActiveCfg = Debug|Any CPU
		{696E6B04-9198-4236-BE9A-FF2A47D0499E}.DevMomentum|Any CPU.Build.0 = Debug|Any CPU
		{696E6B04-9198-4236-BE9A-FF2A47D0499E}.Release|Any CPU.ActiveCfg = Release|Any CPU
		{696E6B04-9198-4236-BE9A-FF2A47D0499E}.Release|Any CPU.Build.0 = Release|Any CPU
		{696E6B04-9198-4236-BE9A-FF2A47D0499E}.Staging|Any CPU.ActiveCfg = Release|Any CPU
		{696E6B04-9198-4236-BE9A-FF2A47D0499E}.Staging|Any CPU.Build.0 = Release|Any CPU
		{696E6B04-9198-4236-BE9A-FF2A47D0499E}.TechDebt|Any CPU.ActiveCfg = Release|Any CPU
		{696E6B04-9198-4236-BE9A-FF2A47D0499E}.TechDebt|Any CPU.Build.0 = Release|Any CPU
		{8CCE8BF2-5044-4E3D-9B3E-6DA054EE2F89}.Acceptance|Any CPU.ActiveCfg = Release|Any CPU
		{8CCE8BF2-5044-4E3D-9B3E-6DA054EE2F89}.Acceptance|Any CPU.Build.0 = Release|Any CPU
		{8CCE8BF2-5044-4E3D-9B3E-6DA054EE2F89}.Debug|Any CPU.ActiveCfg = Debug|Any CPU
		{8CCE8BF2-5044-4E3D-9B3E-6DA054EE2F89}.Debug|Any CPU.Build.0 = Debug|Any CPU
		{8CCE8BF2-5044-4E3D-9B3E-6DA054EE2F89}.Dev FBRD|Any CPU.ActiveCfg = Debug|Any CPU
		{8CCE8BF2-5044-4E3D-9B3E-6DA054EE2F89}.Dev FBRD|Any CPU.Build.0 = Debug|Any CPU
		{8CCE8BF2-5044-4E3D-9B3E-6DA054EE2F89}.Dev PH1|Any CPU.ActiveCfg = Debug|Any CPU
		{8CCE8BF2-5044-4E3D-9B3E-6DA054EE2F89}.Dev PH1|Any CPU.Build.0 = Debug|Any CPU
		{8CCE8BF2-5044-4E3D-9B3E-6DA054EE2F89}.Dev RX|Any CPU.ActiveCfg = Debug|Any CPU
		{8CCE8BF2-5044-4E3D-9B3E-6DA054EE2F89}.Dev RX|Any CPU.Build.0 = Debug|Any CPU
		{8CCE8BF2-5044-4E3D-9B3E-6DA054EE2F89}.DevMomentum|Any CPU.ActiveCfg = Debug|Any CPU
		{8CCE8BF2-5044-4E3D-9B3E-6DA054EE2F89}.DevMomentum|Any CPU.Build.0 = Debug|Any CPU
		{8CCE8BF2-5044-4E3D-9B3E-6DA054EE2F89}.Release|Any CPU.ActiveCfg = Release|Any CPU
		{8CCE8BF2-5044-4E3D-9B3E-6DA054EE2F89}.Release|Any CPU.Build.0 = Release|Any CPU
		{8CCE8BF2-5044-4E3D-9B3E-6DA054EE2F89}.Staging|Any CPU.ActiveCfg = Release|Any CPU
		{8CCE8BF2-5044-4E3D-9B3E-6DA054EE2F89}.Staging|Any CPU.Build.0 = Release|Any CPU
		{8CCE8BF2-5044-4E3D-9B3E-6DA054EE2F89}.TechDebt|Any CPU.ActiveCfg = Release|Any CPU
		{8CCE8BF2-5044-4E3D-9B3E-6DA054EE2F89}.TechDebt|Any CPU.Build.0 = Release|Any CPU
		{5A69E2D0-72C0-430F-ADB7-1EC68029D82F}.Acceptance|Any CPU.ActiveCfg = Release|Any CPU
		{5A69E2D0-72C0-430F-ADB7-1EC68029D82F}.Acceptance|Any CPU.Build.0 = Release|Any CPU
		{5A69E2D0-72C0-430F-ADB7-1EC68029D82F}.Debug|Any CPU.ActiveCfg = Debug|Any CPU
		{5A69E2D0-72C0-430F-ADB7-1EC68029D82F}.Debug|Any CPU.Build.0 = Debug|Any CPU
		{5A69E2D0-72C0-430F-ADB7-1EC68029D82F}.Dev FBRD|Any CPU.ActiveCfg = Debug|Any CPU
		{5A69E2D0-72C0-430F-ADB7-1EC68029D82F}.Dev FBRD|Any CPU.Build.0 = Debug|Any CPU
		{5A69E2D0-72C0-430F-ADB7-1EC68029D82F}.Dev PH1|Any CPU.ActiveCfg = Debug|Any CPU
		{5A69E2D0-72C0-430F-ADB7-1EC68029D82F}.Dev PH1|Any CPU.Build.0 = Debug|Any CPU
		{5A69E2D0-72C0-430F-ADB7-1EC68029D82F}.Dev RX|Any CPU.ActiveCfg = Debug|Any CPU
		{5A69E2D0-72C0-430F-ADB7-1EC68029D82F}.Dev RX|Any CPU.Build.0 = Debug|Any CPU
		{5A69E2D0-72C0-430F-ADB7-1EC68029D82F}.DevMomentum|Any CPU.ActiveCfg = Debug|Any CPU
		{5A69E2D0-72C0-430F-ADB7-1EC68029D82F}.DevMomentum|Any CPU.Build.0 = Debug|Any CPU
		{5A69E2D0-72C0-430F-ADB7-1EC68029D82F}.Release|Any CPU.ActiveCfg = Release|Any CPU
		{5A69E2D0-72C0-430F-ADB7-1EC68029D82F}.Release|Any CPU.Build.0 = Release|Any CPU
		{5A69E2D0-72C0-430F-ADB7-1EC68029D82F}.Staging|Any CPU.ActiveCfg = Release|Any CPU
		{5A69E2D0-72C0-430F-ADB7-1EC68029D82F}.Staging|Any CPU.Build.0 = Release|Any CPU
		{5A69E2D0-72C0-430F-ADB7-1EC68029D82F}.TechDebt|Any CPU.ActiveCfg = Release|Any CPU
		{5A69E2D0-72C0-430F-ADB7-1EC68029D82F}.TechDebt|Any CPU.Build.0 = Release|Any CPU
	EndGlobalSection
	GlobalSection(SolutionProperties) = preSolution
		HideSolutionNode = FALSE
	EndGlobalSection
	GlobalSection(NestedProjects) = preSolution
		{097E5BCC-F737-4935-9B3A-84CEA6A75F6C} = {1126BB21-3DB8-46F2-9DA5-C34B38710C37}
		{696E6B04-9198-4236-BE9A-FF2A47D0499E} = {1126BB21-3DB8-46F2-9DA5-C34B38710C37}
		{8CCE8BF2-5044-4E3D-9B3E-6DA054EE2F89} = {1126BB21-3DB8-46F2-9DA5-C34B38710C37}
		{5A69E2D0-72C0-430F-ADB7-1EC68029D82F} = {907C4354-862F-477F-B6FD-AC23C08F46AE}
	EndGlobalSection
EndGlobal
