
Microsoft Visual Studio Solution File, Format Version 12.00
# Visual Studio 2012
Project("{FAE04EC0-301F-11D3-BF4B-00C04F79EFBC}") = "KBLab.Web", "Web\KBLab.Web.csproj", "{9F95DE9C-DBD1-4133-BB9B-401C69A4D92B}"
EndProject
Project("{FAE04EC0-301F-11D3-BF4B-00C04F79EFBC}") = "Kooboo.CMS.Toolkit", "Kooboo.CMS.Toolkit\Kooboo.CMS.Toolkit.csproj", "{3BAE0F65-BEDF-4057-BAA8-CD479FD637A7}"
EndProject
Project("{2150E333-8FDC-42A3-9474-1A3956D46DE8}") = "Modules", "Modules", "{ECB4699D-2195-4975-87F2-3AFC02E38C5F}"
EndProject
Project("{2150E333-8FDC-42A3-9474-1A3956D46DE8}") = "Kooboo", "Kooboo", "{A61D9554-E28C-4685-96D5-0A85B4F038E6}"
EndProject
Project("{FAE04EC0-301F-11D3-BF4B-00C04F79EFBC}") = "Kooboo.CMS.Toolkit.Controls", "Kooboo.CMS.Toolkit.Controls\Kooboo.CMS.Toolkit.Controls.csproj", "{85B550E8-C5DC-4E15-9974-DAEA0FB333FA}"
EndProject
Project("{2150E333-8FDC-42A3-9474-1A3956D46DE8}") = "Plugins", "Plugins", "{FF3EF7DF-6482-4F1D-ADE3-895C7830E560}"
EndProject
Project("{FAE04EC0-301F-11D3-BF4B-00C04F79EFBC}") = "KBLab.Plugins", "KBLab.Plugins\KBLab.Plugins.csproj", "{009CAD01-6636-44A9-8C0A-5C2CD50E8CAC}"
EndProject
Project("{FAE04EC0-301F-11D3-BF4B-00C04F79EFBC}") = "KBLab.Modules", "KBLab.Modules\KBLab.Modules.csproj", "{B1C2C7CB-76FA-4F09-A942-FD49D14798BB}"
EndProject
Global
	GlobalSection(SolutionConfigurationPlatforms) = preSolution
		Debug|Any CPU = Debug|Any CPU
		Release|Any CPU = Release|Any CPU
	EndGlobalSection
	GlobalSection(ProjectConfigurationPlatforms) = postSolution
		{9F95DE9C-DBD1-4133-BB9B-401C69A4D92B}.Debug|Any CPU.ActiveCfg = Debug|Any CPU
		{9F95DE9C-DBD1-4133-BB9B-401C69A4D92B}.Debug|Any CPU.Build.0 = Debug|Any CPU
		{9F95DE9C-DBD1-4133-BB9B-401C69A4D92B}.Release|Any CPU.ActiveCfg = Release|Any CPU
		{9F95DE9C-DBD1-4133-BB9B-401C69A4D92B}.Release|Any CPU.Build.0 = Release|Any CPU
		{3BAE0F65-BEDF-4057-BAA8-CD479FD637A7}.Debug|Any CPU.ActiveCfg = Debug|Any CPU
		{3BAE0F65-BEDF-4057-BAA8-CD479FD637A7}.Debug|Any CPU.Build.0 = Debug|Any CPU
		{3BAE0F65-BEDF-4057-BAA8-CD479FD637A7}.Release|Any CPU.ActiveCfg = Release|Any CPU
		{3BAE0F65-BEDF-4057-BAA8-CD479FD637A7}.Release|Any CPU.Build.0 = Release|Any CPU
		{85B550E8-C5DC-4E15-9974-DAEA0FB333FA}.Debug|Any CPU.ActiveCfg = Debug|Any CPU
		{85B550E8-C5DC-4E15-9974-DAEA0FB333FA}.Debug|Any CPU.Build.0 = Debug|Any CPU
		{85B550E8-C5DC-4E15-9974-DAEA0FB333FA}.Release|Any CPU.ActiveCfg = Release|Any CPU
		{85B550E8-C5DC-4E15-9974-DAEA0FB333FA}.Release|Any CPU.Build.0 = Release|Any CPU
		{009CAD01-6636-44A9-8C0A-5C2CD50E8CAC}.Debug|Any CPU.ActiveCfg = Debug|Any CPU
		{009CAD01-6636-44A9-8C0A-5C2CD50E8CAC}.Debug|Any CPU.Build.0 = Debug|Any CPU
		{009CAD01-6636-44A9-8C0A-5C2CD50E8CAC}.Release|Any CPU.ActiveCfg = Release|Any CPU
		{009CAD01-6636-44A9-8C0A-5C2CD50E8CAC}.Release|Any CPU.Build.0 = Release|Any CPU
		{B1C2C7CB-76FA-4F09-A942-FD49D14798BB}.Debug|Any CPU.ActiveCfg = Debug|Any CPU
		{B1C2C7CB-76FA-4F09-A942-FD49D14798BB}.Debug|Any CPU.Build.0 = Debug|Any CPU
		{B1C2C7CB-76FA-4F09-A942-FD49D14798BB}.Release|Any CPU.ActiveCfg = Release|Any CPU
		{B1C2C7CB-76FA-4F09-A942-FD49D14798BB}.Release|Any CPU.Build.0 = Release|Any CPU
	EndGlobalSection
	GlobalSection(SolutionProperties) = preSolution
		HideSolutionNode = FALSE
	EndGlobalSection
	GlobalSection(NestedProjects) = preSolution
		{3BAE0F65-BEDF-4057-BAA8-CD479FD637A7} = {A61D9554-E28C-4685-96D5-0A85B4F038E6}
		{85B550E8-C5DC-4E15-9974-DAEA0FB333FA} = {A61D9554-E28C-4685-96D5-0A85B4F038E6}
		{B1C2C7CB-76FA-4F09-A942-FD49D14798BB} = {ECB4699D-2195-4975-87F2-3AFC02E38C5F}
		{009CAD01-6636-44A9-8C0A-5C2CD50E8CAC} = {FF3EF7DF-6482-4F1D-ADE3-895C7830E560}
	EndGlobalSection
EndGlobal
